
Microsoft Visual Studio Solution File, Format Version 12.00
# Visual Studio Version 17
VisualStudioVersion = 17.14.37301.10 d17.14
MinimumVisualStudioVersion = 10.0.40219.1
Project("{FAE04EC0-301F-11D3-BF4B-00C04F79EFBC}") = "rhupolomolok", "rhupolomolok.csproj", "{70B49191-F4BE-4DFF-BCDF-2240C730C810}"
EndProject
Global
	GlobalSection(SolutionConfigurationPlatforms) = preSolution
		Debug|Any CPU = Debug|Any CPU
		Release|Any CPU = Release|Any CPU
	EndGlobalSection
	GlobalSection(ProjectConfigurationPlatforms) = postSolution
		{70B49191-F4BE-4DFF-BCDF-2240C730C810}.Debug|Any CPU.ActiveCfg = Debug|Any CPU
		{70B49191-F4BE-4DFF-BCDF-2240C730C810}.Debug|Any CPU.Build.0 = Debug|Any CPU
		{70B49191-F4BE-4DFF-BCDF-2240C730C810}.Release|Any CPU.ActiveCfg = Release|Any CPU
		{70B49191-F4BE-4DFF-BCDF-2240C730C810}.Release|Any CPU.Build.0 = Release|Any CPU
	EndGlobalSection
	GlobalSection(SolutionProperties) = preSolution
		HideSolutionNode = FALSE
	EndGlobalSection
	GlobalSection(ExtensibilityGlobals) = postSolution
		SolutionGuid = {A6B8BE35-81CB-48FB-AC30-4C110A0C5EE2}
	EndGlobalSection
EndGlobal
